// !$*UTF8*$!
{
	archiveVersion = 1;
	classes = {
	};
	objectVersion = 46;
	objects = {

/* Begin PBXBuildFile section */
		3617E95E1CA5BF48001BCE00 /* AppDelegate.swift in Sources */ = {isa = PBXBuildFile; fileRef = 3617E95D1CA5BF48001BCE00 /* AppDelegate.swift */; };
		3617E9601CA5BF48001BCE00 /* ViewController.swift in Sources */ = {isa = PBXBuildFile; fileRef = 3617E95F1CA5BF48001BCE00 /* ViewController.swift */; };
		3617E9631CA5BF48001BCE00 /* Main.storyboard in Resources */ = {isa = PBXBuildFile; fileRef = 3617E9611CA5BF48001BCE00 /* Main.storyboard */; };
		3617E9651CA5BF48001BCE00 /* Assets.xcassets in Resources */ = {isa = PBXBuildFile; fileRef = 3617E9641CA5BF48001BCE00 /* Assets.xcassets */; };
		3617E9681CA5BF48001BCE00 /* LaunchScreen.storyboard in Resources */ = {isa = PBXBuildFile; fileRef = 3617E9661CA5BF48001BCE00 /* LaunchScreen.storyboard */; };
		3617E9731CA5BF48001BCE00 /* AppRemoteSettings_ExampleTests.swift in Sources */ = {isa = PBXBuildFile; fileRef = 3617E9721CA5BF48001BCE00 /* AppRemoteSettings_ExampleTests.swift */; };
/* End PBXBuildFile section */

/* Begin PBXContainerItemProxy section */
		3617E96F1CA5BF48001BCE00 /* PBXContainerItemProxy */ = {
			isa = PBXContainerItemProxy;
			containerPortal = 3617E9521CA5BF48001BCE00 /* Project object */;
			proxyType = 1;
			remoteGlobalIDString = 3617E9591CA5BF48001BCE00;
			remoteInfo = "AppRemoteSettings Example";
		};
/* End PBXContainerItemProxy section */

/* Begin PBXFileReference section */
		3617E95A1CA5BF48001BCE00 /* AppRemoteSettings Example.app */ = {isa = PBXFileReference; explicitFileType = wrapper.application; includeInIndex = 0; path = "AppRemoteSettings Example.app"; sourceTree = BUILT_PRODUCTS_DIR; };
		3617E95D1CA5BF48001BCE00 /* AppDelegate.swift */ = {isa = PBXFileReference; lastKnownFileType = sourcecode.swift; path = AppDelegate.swift; sourceTree = "<group>"; };
		3617E95F1CA5BF48001BCE00 /* ViewController.swift */ = {isa = PBXFileReference; lastKnownFileType = sourcecode.swift; path = ViewController.swift; sourceTree = "<group>"; };
		3617E9621CA5BF48001BCE00 /* Base */ = {isa = PBXFileReference; lastKnownFileType = file.storyboard; name = Base; path = Base.lproj/Main.storyboard; sourceTree = "<group>"; };
		3617E9641CA5BF48001BCE00 /* Assets.xcassets */ = {isa = PBXFileReference; lastKnownFileType = folder.assetcatalog; path = Assets.xcassets; sourceTree = "<group>"; };
		3617E9671CA5BF48001BCE00 /* Base */ = {isa = PBXFileReference; lastKnownFileType = file.storyboard; name = Base; path = Base.lproj/LaunchScreen.storyboard; sourceTree = "<group>"; };
		3617E9691CA5BF48001BCE00 /* Info.plist */ = {isa = PBXFileReference; lastKnownFileType = text.plist.xml; path = Info.plist; sourceTree = "<group>"; };
		3617E96E1CA5BF48001BCE00 /* AppRemoteSettings ExampleTests.xctest */ = {isa = PBXFileReference; explicitFileType = wrapper.cfbundle; includeInIndex = 0; path = "AppRemoteSettings ExampleTests.xctest"; sourceTree = BUILT_PRODUCTS_DIR; };
		3617E9721CA5BF48001BCE00 /* AppRemoteSettings_ExampleTests.swift */ = {isa = PBXFileReference; lastKnownFileType = sourcecode.swift; path = AppRemoteSettings_ExampleTests.swift; sourceTree = "<group>"; };
		3617E9741CA5BF48001BCE00 /* Info.plist */ = {isa = PBXFileReference; lastKnownFileType = text.plist.xml; path = Info.plist; sourceTree = "<group>"; };
/* End PBXFileReference section */

/* Begin PBXFrameworksBuildPhase section */
		3617E9571CA5BF48001BCE00 /* Frameworks */ = {
			isa = PBXFrameworksBuildPhase;
			buildActionMask = 2147483647;
			files = (
			);
			runOnlyForDeploymentPostprocessing = 0;
		};
		3617E96B1CA5BF48001BCE00 /* Frameworks */ = {
			isa = PBXFrameworksBuildPhase;
			buildActionMask = 2147483647;
			files = (
			);
			runOnlyForDeploymentPostprocessing = 0;
		};
/* End PBXFrameworksBuildPhase section */

/* Begin PBXGroup section */
		3617E9511CA5BF48001BCE00 = {
			isa = PBXGroup;
			children = (
				3617E95C1CA5BF48001BCE00 /* AppRemoteSettings Example */,
				3617E9711CA5BF48001BCE00 /* AppRemoteSettings ExampleTests */,
				3617E95B1CA5BF48001BCE00 /* Products */,
			);
			sourceTree = "<group>";
		};
		3617E95B1CA5BF48001BCE00 /* Products */ = {
			isa = PBXGroup;
			children = (
				3617E95A1CA5BF48001BCE00 /* AppRemoteSettings Example.app */,
				3617E96E1CA5BF48001BCE00 /* AppRemoteSettings ExampleTests.xctest */,
			);
			name = Products;
			sourceTree = "<group>";
		};
		3617E95C1CA5BF48001BCE00 /* AppRemoteSettings Example */ = {
			isa = PBXGroup;
			children = (
				3617E95D1CA5BF48001BCE00 /* AppDelegate.swift */,
				3617E95F1CA5BF48001BCE00 /* ViewController.swift */,
				3617E9611CA5BF48001BCE00 /* Main.storyboard */,
				3617E9641CA5BF48001BCE00 /* Assets.xcassets */,
				3617E9661CA5BF48001BCE00 /* LaunchScreen.storyboard */,
				3617E9691CA5BF48001BCE00 /* Info.plist */,
			);
			path = "AppRemoteSettings Example";
			sourceTree = "<group>";
		};
		3617E9711CA5BF48001BCE00 /* AppRemoteSettings ExampleTests */ = {
			isa = PBXGroup;
			children = (
				3617E9721CA5BF48001BCE00 /* AppRemoteSettings_ExampleTests.swift */,
				3617E9741CA5BF48001BCE00 /* Info.plist */,
			);
			path = "AppRemoteSettings ExampleTests";
			sourceTree = "<group>";
		};
/* End PBXGroup section */

/* Begin PBXNativeTarget section */
		3617E9591CA5BF48001BCE00 /* AppRemoteSettings Example */ = {
			isa = PBXNativeTarget;
			buildConfigurationList = 3617E9771CA5BF48001BCE00 /* Build configuration list for PBXNativeTarget "AppRemoteSettings Example" */;
			buildPhases = (
				3617E9561CA5BF48001BCE00 /* Sources */,
				3617E9571CA5BF48001BCE00 /* Frameworks */,
				3617E9581CA5BF48001BCE00 /* Resources */,
			);
			buildRules = (
			);
			dependencies = (
			);
			name = "AppRemoteSettings Example";
			productName = "AppRemoteSettings Example";
			productReference = 3617E95A1CA5BF48001BCE00 /* AppRemoteSettings Example.app */;
			productType = "com.apple.product-type.application";
		};
		3617E96D1CA5BF48001BCE00 /* AppRemoteSettings ExampleTests */ = {
			isa = PBXNativeTarget;
			buildConfigurationList = 3617E97A1CA5BF48001BCE00 /* Build configuration list for PBXNativeTarget "AppRemoteSettings ExampleTests" */;
			buildPhases = (
				3617E96A1CA5BF48001BCE00 /* Sources */,
				3617E96B1CA5BF48001BCE00 /* Frameworks */,
				3617E96C1CA5BF48001BCE00 /* Resources */,
			);
			buildRules = (
			);
			dependencies = (
				3617E9701CA5BF48001BCE00 /* PBXTargetDependency */,
			);
			name = "AppRemoteSettings ExampleTests";
			productName = "AppRemoteSettings ExampleTests";
			productReference = 3617E96E1CA5BF48001BCE00 /* AppRemoteSettings ExampleTests.xctest */;
			productType = "com.apple.product-type.bundle.unit-test";
		};
/* End PBXNativeTarget section */

/* Begin PBXProject section */
		3617E9521CA5BF48001BCE00 /* Project object */ = {
			isa = PBXProject;
			attributes = {
				LastSwiftUpdateCheck = 0720;
				LastUpgradeCheck = 0720;
				ORGANIZATIONNAME = "Kestrel Development";
				TargetAttributes = {
					3617E9591CA5BF48001BCE00 = {
						CreatedOnToolsVersion = 7.2.1;
					};
					3617E96D1CA5BF48001BCE00 = {
						CreatedOnToolsVersion = 7.2.1;
						TestTargetID = 3617E9591CA5BF48001BCE00;
					};
				};
			};
			buildConfigurationList = 3617E9551CA5BF48001BCE00 /* Build configuration list for PBXProject "AppRemoteSettings Example" */;
			compatibilityVersion = "Xcode 3.2";
			developmentRegion = English;
			hasScannedForEncodings = 0;
			knownRegions = (
				en,
				Base,
			);
			mainGroup = 3617E9511CA5BF48001BCE00;
			productRefGroup = 3617E95B1CA5BF48001BCE00 /* Products */;
			projectDirPath = "";
			projectRoot = "";
			targets = (
				3617E9591CA5BF48001BCE00 /* AppRemoteSettings Example */,
				3617E96D1CA5BF48001BCE00 /* AppRemoteSettings ExampleTests */,
			);
		};
/* End PBXProject section */

/* Begin PBXResourcesBuildPhase section */
		3617E9581CA5BF48001BCE00 /* Resources */ = {
			isa = PBXResourcesBuildPhase;
			buildActionMask = 2147483647;
			files = (
				3617E9681CA5BF48001BCE00 /* LaunchScreen.storyboard in Resources */,
				3617E9651CA5BF48001BCE00 /* Assets.xcassets in Resources */,
				3617E9631CA5BF48001BCE00 /* Main.storyboard in Resources */,
			);
			runOnlyForDeploymentPostprocessing = 0;
		};
		3617E96C1CA5BF48001BCE00 /* Resources */ = {
			isa = PBXResourcesBuildPhase;
			buildActionMask = 2147483647;
			files = (
			);
			runOnlyForDeploymentPostprocessing = 0;
		};
/* End PBXResourcesBuildPhase section */

/* Begin PBXSourcesBuildPhase section */
		3617E9561CA5BF48001BCE00 /* Sources */ = {
			isa = PBXSourcesBuildPhase;
			buildActionMask = 2147483647;
			files = (
				3617E9601CA5BF48001BCE00 /* ViewController.swift in Sources */,
				3617E95E1CA5BF48001BCE00 /* AppDelegate.swift in Sources */,
			);
			runOnlyForDeploymentPostprocessing = 0;
		};
		3617E96A1CA5BF48001BCE00 /* Sources */ = {
			isa = PBXSourcesBuildPhase;
			buildActionMask = 2147483647;
			files = (
				3617E9731CA5BF48001BCE00 /* AppRemoteSettings_ExampleTests.swift in Sources */,
			);
			runOnlyForDeploymentPostprocessing = 0;
		};
/* End PBXSourcesBuildPhase section */

/* Begin PBXTargetDependency section */
		3617E9701CA5BF48001BCE00 /* PBXTargetDependency */ = {
			isa = PBXTargetDependency;
			target = 3617E9591CA5BF48001BCE00 /* AppRemoteSettings Example */;
			targetProxy = 3617E96F1CA5BF48001BCE00 /* PBXContainerItemProxy */;
		};
/* End PBXTargetDependency section */

/* Begin PBXVariantGroup section */
		3617E9611CA5BF48001BCE00 /* Main.storyboard */ = {
			isa = PBXVariantGroup;
			children = (
				3617E9621CA5BF48001BCE00 /* Base */,
			);
			name = Main.storyboard;
			sourceTree = "<group>";
		};
		3617E9661CA5BF48001BCE00 /* LaunchScreen.storyboard */ = {
			isa = PBXVariantGroup;
			children = (
				3617E9671CA5BF48001BCE00 /* Base */,
			);
			name = LaunchScreen.storyboard;
			sourceTree = "<group>";
		};
/* End PBXVariantGroup section */

/* Begin XCBuildConfiguration section */
		3617E9751CA5BF48001BCE00 /* Debug */ = {
			isa = XCBuildConfiguration;
			buildSettings = {
				ALWAYS_SEARCH_USER_PATHS = NO;
				CLANG_CXX_LANGUAGE_STANDARD = "gnu++0x";
				CLANG_CXX_LIBRARY = "libc++";
				CLANG_ENABLE_MODULES = YES;
				CLANG_ENABLE_OBJC_ARC = YES;
				CLANG_WARN_BOOL_CONVERSION = YES;
				CLANG_WARN_CONSTANT_CONVERSION = YES;
				CLANG_WARN_DIRECT_OBJC_ISA_USAGE = YES_ERROR;
				CLANG_WARN_EMPTY_BODY = YES;
				CLANG_WARN_ENUM_CONVERSION = YES;
				CLANG_WARN_INT_CONVERSION = YES;
				CLANG_WARN_OBJC_ROOT_CLASS = YES_ERROR;
				CLANG_WARN_UNREACHABLE_CODE = YES;
				CLANG_WARN__DUPLICATE_METHOD_MATCH = YES;
				"CODE_SIGN_IDENTITY[sdk=iphoneos*]" = "iPhone Developer";
				COPY_PHASE_STRIP = NO;
				DEBUG_INFORMATION_FORMAT = dwarf;
				ENABLE_STRICT_OBJC_MSGSEND = YES;
				ENABLE_TESTABILITY = YES;
				GCC_C_LANGUAGE_STANDARD = gnu99;
				GCC_DYNAMIC_NO_PIC = NO;
				GCC_NO_COMMON_BLOCKS = YES;
				GCC_OPTIMIZATION_LEVEL = 0;
				GCC_PREPROCESSOR_DEFINITIONS = (
					"DEBUG=1",
					"$(inherited)",
				);
				GCC_WARN_64_TO_32_BIT_CONVERSION = YES;
				GCC_WARN_ABOUT_RETURN_TYPE = YES_ERROR;
				GCC_WARN_UNDECLARED_SELECTOR = YES;
				GCC_WARN_UNINITIALIZED_AUTOS = YES_AGGRESSIVE;
				GCC_WARN_UNUSED_FUNCTION = YES;
				GCC_WARN_UNUSED_VARIABLE = YES;
				IPHONEOS_DEPLOYMENT_TARGET = 9.2;
				MTL_ENABLE_DEBUG_INFO = YES;
				ONLY_ACTIVE_ARCH = YES;
				SDKROOT = iphoneos;
				SWIFT_OPTIMIZATION_LEVEL = "-Onone";
				TARGETED_DEVICE_FAMILY = "1,2";
			};
			name = Debug;
		};
		3617E9761CA5BF48001BCE00 /* Release */ = {
			isa = XCBuildConfiguration;
			buildSettings = {
				ALWAYS_SEARCH_USER_PATHS = NO;
				CLANG_CXX_LANGUAGE_STANDARD = "gnu++0x";
				CLANG_CXX_LIBRARY = "libc++";
				CLANG_ENABLE_MODULES = YES;
				CLANG_ENABLE_OBJC_ARC = YES;
				CLANG_WARN_BOOL_CONVERSION = YES;
				CLANG_WARN_CONSTANT_CONVERSION = YES;
				CLANG_WARN_DIRECT_OBJC_ISA_USAGE = YES_ERROR;
				CLANG_WARN_EMPTY_BODY = YES;
				CLANG_WARN_ENUM_CONVERSION = YES;
				CLANG_WARN_INT_CONVERSION = YES;
				CLANG_WARN_OBJC_ROOT_CLASS = YES_ERROR;
				CLANG_WARN_UNREACHABLE_CODE = YES;
				CLANG_WARN__DUPLICATE_METHOD_MATCH = YES;
				"CODE_SIGN_IDENTITY[sdk=iphoneos*]" = "iPhone Developer";
				COPY_PHASE_STRIP = NO;
				DEBUG_INFORMATION_FORMAT = "dwarf-with-dsym";
				ENABLE_NS_ASSERTIONS = NO;
				ENABLE_STRICT_OBJC_MSGSEND = YES;
				GCC_C_LANGUAGE_STANDARD = gnu99;
				GCC_NO_COMMON_BLOCKS = YES;
				GCC_WARN_64_TO_32_BIT_CONVERSION = YES;
				GCC_WARN_ABOUT_RETURN_TYPE = YES_ERROR;
				GCC_WARN_UNDECLARED_SELECTOR = YES;
				GCC_WARN_UNINITIALIZED_AUTOS = YES_AGGRESSIVE;
				GCC_WARN_UNUSED_FUNCTION = YES;
				GCC_WARN_UNUSED_VARIABLE = YES;
				IPHONEOS_DEPLOYMENT_TARGET = 9.2;
				MTL_ENABLE_DEBUG_INFO = NO;
				SDKROOT = iphoneos;
				TARGETED_DEVICE_FAMILY = "1,2";
				VALIDATE_PRODUCT = YES;
			};
			name = Release;
		};
		3617E9781CA5BF48001BCE00 /* Debug */ = {
			isa = XCBuildConfiguration;
			buildSettings = {
				ASSETCATALOG_COMPILER_APPICON_NAME = AppIcon;
				INFOPLIST_FILE = "AppRemoteSettings Example/Info.plist";
				LD_RUNPATH_SEARCH_PATHS = "$(inherited) @executable_path/Frameworks";
				PRODUCT_BUNDLE_IDENTIFIER = "com.kesdev.AppRemoteSettings-Example";
				PRODUCT_NAME = "$(TARGET_NAME)";
			};
			name = Debug;
		};
		3617E9791CA5BF48001BCE00 /* Release */ = {
			isa = XCBuildConfiguration;
			buildSettings = {
				ASSETCATALOG_COMPILER_APPICON_NAME = AppIcon;
				INFOPLIST_FILE = "AppRemoteSettings Example/Info.plist";
				LD_RUNPATH_SEARCH_PATHS = "$(inherited) @executable_path/Frameworks";
				PRODUCT_BUNDLE_IDENTIFIER = "com.kesdev.AppRemoteSettings-Example";
				PRODUCT_NAME = "$(TARGET_NAME)";
			};
			name = Release;
		};
		3617E97B1CA5BF48001BCE00 /* Debug */ = {
			isa = XCBuildConfiguration;
			buildSettings = {
				BUNDLE_LOADER = "$(TEST_HOST)";
				INFOPLIST_FILE = "AppRemoteSettings ExampleTests/Info.plist";
				LD_RUNPATH_SEARCH_PATHS = "$(inherited) @executable_path/Frameworks @loader_path/Frameworks";
				PRODUCT_BUNDLE_IDENTIFIER = "com.kesdev.AppRemoteSettings-ExampleTests";
				PRODUCT_NAME = "$(TARGET_NAME)";
				TEST_HOST = "$(BUILT_PRODUCTS_DIR)/AppRemoteSettings Example.app/AppRemoteSettings Example";
			};
			name = Debug;
		};
		3617E97C1CA5BF48001BCE00 /* Release */ = {
			isa = XCBuildConfiguration;
			buildSettings = {
				BUNDLE_LOADER = "$(TEST_HOST)";
				INFOPLIST_FILE = "AppRemoteSettings ExampleTests/Info.plist";
				LD_RUNPATH_SEARCH_PATHS = "$(inherited) @executable_path/Frameworks @loader_path/Frameworks";
				PRODUCT_BUNDLE_IDENTIFIER = "com.kesdev.AppRemoteSettings-ExampleTests";
				PRODUCT_NAME = "$(TARGET_NAME)";
				TEST_HOST = "$(BUILT_PRODUCTS_DIR)/AppRemoteSettings Example.app/AppRemoteSettings Example";
			};
			name = Release;
		};
/* End XCBuildConfiguration section */

/* Begin XCConfigurationList section */
		3617E9551CA5BF48001BCE00 /* Build configuration list for PBXProject "AppRemoteSettings Example" */ = {
			isa = XCConfigurationList;
			buildConfigurations = (
				3617E9751CA5BF48001BCE00 /* Debug */,
				3617E9761CA5BF48001BCE00 /* Release */,
			);
			defaultConfigurationIsVisible = 0;
			defaultConfigurationName = Release;
		};
		3617E9771CA5BF48001BCE00 /* Build configuration list for PBXNativeTarget "AppRemoteSettings Example" */ = {
			isa = XCConfigurationList;
			buildConfigurations = (
				3617E9781CA5BF48001BCE00 /* Debug */,
				3617E9791CA5BF48001BCE00 /* Release */,
			);
			defaultConfigurationIsVisible = 0;
		};
		3617E97A1CA5BF48001BCE00 /* Build configuration list for PBXNativeTarget "AppRemoteSettings ExampleTests" */ = {
			isa = XCConfigurationList;
			buildConfigurations = (
				3617E97B1CA5BF48001BCE00 /* Debug */,
				3617E97C1CA5BF48001BCE00 /* Release */,
			);
			defaultConfigurationIsVisible = 0;
		};
/* End XCConfigurationList section */
	};
	rootObject = 3617E9521CA5BF48001BCE00 /* Project object */;
}
